
Microsoft Visual Studio Solution File, Format Version 12.00
# Visual Studio Version 17
VisualStudioVersion = 17.6.33815.320
MinimumVisualStudioVersion = 10.0.40219.1
Project("{FAE04EC0-301F-11D3-BF4B-00C04F79EFBC}") = "AniProject", "AniProject\AniProject.csproj", "{4DC2F613-F416-4F16-933E-B68A62E5457D}"
EndProject
Global
	GlobalSection(SolutionConfigurationPlatforms) = preSolution
		Debug|Any CPU = Debug|Any CPU
		Release|Any CPU = Release|Any CPU
	EndGlobalSection
	GlobalSection(ProjectConfigurationPlatforms) = postSolution
		{4DC2F613-F416-4F16-933E-B68A62E5457D}.Debug|Any CPU.ActiveCfg = Debug|Any CPU
		{4DC2F613-F416-4F16-933E-B68A62E5457D}.Debug|Any CPU.Build.0 = Debug|Any CPU
		{4DC2F613-F416-4F16-933E-B68A62E5457D}.Release|Any CPU.ActiveCfg = Release|Any CPU
		{4DC2F613-F416-4F16-933E-B68A62E5457D}.Release|Any CPU.Build.0 = Release|Any CPU
	EndGlobalSection
	GlobalSection(SolutionProperties) = preSolution
		HideSolutionNode = FALSE
	EndGlobalSection
	GlobalSection(ExtensibilityGlobals) = postSolution
		SolutionGuid = {79F8A438-11C2-4957-9706-831297089D15}
	EndGlobalSection
EndGlobal
